
Microsoft Visual Studio Solution File, Format Version 12.00
# Visual Studio Version 16
VisualStudioVersion = 16.0.31112.23
MinimumVisualStudioVersion = 10.0.40219.1
Project("{FAE04EC0-301F-11D3-BF4B-00C04F79EFBC}") = "CoverageReportReader", "CoverageReportReader.csproj", "{8DE2C50C-853D-4D6F-8282-DA83790FA0FF}"
EndProject
Global
	GlobalSection(SolutionConfigurationPlatforms) = preSolution
		Debug|Any CPU = Debug|Any CPU
		Release|Any CPU = Release|Any CPU
	EndGlobalSection
	GlobalSection(ProjectConfigurationPlatforms) = postSolution
		{8DE2C50C-853D-4D6F-8282-DA83790FA0FF}.Debug|Any CPU.ActiveCfg = Debug|Any CPU
		{8DE2C50C-853D-4D6F-8282-DA83790FA0FF}.Debug|Any CPU.Build.0 = Debug|Any CPU
		{8DE2C50C-853D-4D6F-8282-DA83790FA0FF}.Release|Any CPU.ActiveCfg = Release|Any CPU
		{8DE2C50C-853D-4D6F-8282-DA83790FA0FF}.Release|Any CPU.Build.0 = Release|Any CPU
	EndGlobalSection
	GlobalSection(SolutionProperties) = preSolution
		HideSolutionNode = FALSE
	EndGlobalSection
	GlobalSection(ExtensibilityGlobals) = postSolution
		SolutionGuid = {0D5AAA8D-3782-43E9-9F4F-34750BC4627B}
	EndGlobalSection
EndGlobal
